
Microsoft Visual Studio Solution File, Format Version 12.00
# Visual Studio 15
VisualStudioVersion = 15.0.26730.12
MinimumVisualStudioVersion = 10.0.40219.1
Project("{8BC9CEB8-8B4A-11D0-8D11-00A0C91BC942}") = "hw7", "hw7\hw7.vcxproj", "{DFCFE9CA-05A5-4407-A32E-7BD65AE9580C}"
EndProject
Global
	GlobalSection(SolutionConfigurationPlatforms) = preSolution
		Debug|x64 = Debug|x64
		Debug|x86 = Debug|x86
		Release|x64 = Release|x64
		Release|x86 = Release|x86
	EndGlobalSection
	GlobalSection(ProjectConfigurationPlatforms) = postSolution
		{DFCFE9CA-05A5-4407-A32E-7BD65AE9580C}.Debug|x64.ActiveCfg = Debug|x64
		{DFCFE9CA-05A5-4407-A32E-7BD65AE9580C}.Debug|x64.Build.0 = Debug|x64
		{DFCFE9CA-05A5-4407-A32E-7BD65AE9580C}.Debug|x86.ActiveCfg = Debug|Win32
		{DFCFE9CA-05A5-4407-A32E-7BD65AE9580C}.Debug|x86.Build.0 = Debug|Win32
		{DFCFE9CA-05A5-4407-A32E-7BD65AE9580C}.Release|x64.ActiveCfg = Release|x64
		{DFCFE9CA-05A5-4407-A32E-7BD65AE9580C}.Release|x64.Build.0 = Release|x64
		{DFCFE9CA-05A5-4407-A32E-7BD65AE9580C}.Release|x86.ActiveCfg = Release|Win32
		{DFCFE9CA-05A5-4407-A32E-7BD65AE9580C}.Release|x86.Build.0 = Release|Win32
	EndGlobalSection
	GlobalSection(SolutionProperties) = preSolution
		HideSolutionNode = FALSE
	EndGlobalSection
	GlobalSection(ExtensibilityGlobals) = postSolution
		SolutionGuid = {843D0F98-7514-4A2F-8D5D-D60BA4B3EBFA}
	EndGlobalSection
EndGlobal
