
Microsoft Visual Studio Solution File, Format Version 12.00
# Visual Studio 15
VisualStudioVersion = 15.0.26730.12
MinimumVisualStudioVersion = 10.0.40219.1
Project("{8BC9CEB8-8B4A-11D0-8D11-00A0C91BC942}") = "hw6_2", "hw6_2\hw6_2.vcxproj", "{FFE00A3A-28A6-4CDE-A781-82EB32449991}"
EndProject
Global
	GlobalSection(SolutionConfigurationPlatforms) = preSolution
		Debug|x64 = Debug|x64
		Debug|x86 = Debug|x86
		Release|x64 = Release|x64
		Release|x86 = Release|x86
	EndGlobalSection
	GlobalSection(ProjectConfigurationPlatforms) = postSolution
		{FFE00A3A-28A6-4CDE-A781-82EB32449991}.Debug|x64.ActiveCfg = Debug|x64
		{FFE00A3A-28A6-4CDE-A781-82EB32449991}.Debug|x64.Build.0 = Debug|x64
		{FFE00A3A-28A6-4CDE-A781-82EB32449991}.Debug|x86.ActiveCfg = Debug|Win32
		{FFE00A3A-28A6-4CDE-A781-82EB32449991}.Debug|x86.Build.0 = Debug|Win32
		{FFE00A3A-28A6-4CDE-A781-82EB32449991}.Release|x64.ActiveCfg = Release|x64
		{FFE00A3A-28A6-4CDE-A781-82EB32449991}.Release|x64.Build.0 = Release|x64
		{FFE00A3A-28A6-4CDE-A781-82EB32449991}.Release|x86.ActiveCfg = Release|Win32
		{FFE00A3A-28A6-4CDE-A781-82EB32449991}.Release|x86.Build.0 = Release|Win32
	EndGlobalSection
	GlobalSection(SolutionProperties) = preSolution
		HideSolutionNode = FALSE
	EndGlobalSection
	GlobalSection(ExtensibilityGlobals) = postSolution
		SolutionGuid = {65655FFE-11CA-417E-8E75-E036ABE5775F}
	EndGlobalSection
EndGlobal
